{
    "_meta": {
        "hash": {
            "sha256": "afa97975df9981794aeefc81083344dae0ba4b82547d4cefd72f6635a882369a"
        },
        "pipfile-spec": 6,
        },
        "sources": [
            {
                "name": "pypi",
                "url": "https://pypi.org/simple",
                "verify_ssl": true
            }
        ]
    },
    "default": {
        "apirequests": {
 "hashes": [
                "sha256:c5e8e41dd26c247c52146a0d071349f207e5d41ed3320917c4c792e1f903f816"
            ],
            "index": "pypi",
            "version": "==0.0.8"
        },
        "apiutil": {
            "hashes": [
                "sha256:124e0665981459a50d3a886837e0954a53e830416765604d1464433b7ebfd7e1",
                "sha256:d6524cb23b54636968291ad78566398430fb4f9e6f03963ef4ac56d0611821be"
            ],
            "index": "pypi",
            "version": "==0.0.8"
        },
        "apiutil": {
            "hashes": [
