{
    "_meta": {
        "hash": {
            "sha256": "afa97975df9981794aeefc81083344dae0ba4b82547d4cefd72f6635a882369a"
        },
        "pipfile-spec": 6,
        },
        "sources": [
            {
                "name": "pypi",
                "url": "https://pypi.org/simple",
                "verify_ssl": true
            }
        ]
    },
    "default": {
        "apirequests": {
 "hashes": [
                "sha256:c5e8e41dd26c247c52146a0d071349f207e5d41ed3320917c4c792e1f903f816"
            ],
            "index": "pypi",
            "version": "==0.0.8"
        },
        "apiutil": {
            "hashes": [
                "sha256:124e0665981459a50d3a886837e0954a53e830416765604d1464433b7ebfd7e1",
                "sha256:d6524cb23b54636968291ad78566398430fb4f9e6f03963ef4ac56d0611821be"
            ],
            "index": "pypi",
            "version": "==0.0.8"
        },
        "apiutil": {
            "hashes": [
                "sha256:7d5d0167b2b1ba821647616af46a749d1c653740dd0d2415100fe26e27afdf41",
                "sha256:a841dacd6b99318a741b166adb07e19ee71a274450e68237b4650ca1055ab128"
            ],
            "version": "==1.4.4"
        },
        "attrs": {
            "hashes": [
                "sha256:29e95c7f6778868dbd49170f98f8818f78f3dc5e0e37c0b1f474e3561b240836",
                "sha256:c9227bfc2f01993c03f68db37d1d15c9690188323c067c641f1a35ca58185f99"
            ],
            "markers": "python_version >= '3.6'",
            "version": "==22.2.0"
        },
